
Microsoft Visual Studio Solution File, Format Version 12.00
# Visual Studio Version 17
VisualStudioVersion = 17.14.37710.0
MinimumVisualStudioVersion = 10.0.40219.1
Project("{FAE04EC0-301F-11D3-BF4B-00C04F79EFBC}") = "TaskBoard.Api", "src\TaskBoard.Api\TaskBoard.Api.csproj", "{AB551806-3EB2-4825-9D20-CDD11E7EB79C}"
EndProject
Project("{FAE04EC0-301F-11D3-BF4B-00C04F79EFBC}") = "TaskBoard.Contracts", "src\TaskBoard.Contracts\TaskBoard.Contracts.csproj", "{5BF6A879-C5FC-4AA4-BCBE-441454CFCF10}"
EndProject
Project("{FAE04EC0-301F-11D3-BF4B-00C04F79EFBC}") = "TaskBoard.Domain", "src\TaskBoard.Domain\TaskBoard.Domain.csproj", "{6FFAD5FA-14BD-4C71-8FE4-ED1507D74CA0}"
EndProject
Project("{FAE04EC0-301F-11D3-BF4B-00C04F79EFBC}") = "TaskBoard.Application", "src\TaskBoard.Application\TaskBoard.Application.csproj", "{48D20B80-71B2-40C1-8BD6-541D70F3B6A7}"
EndProject
Project("{FAE04EC0-301F-11D3-BF4B-00C04F79EFBC}") = "TaskBoard.Infrastructure", "src\TaskBoard.Infrastructure\TaskBoard.Infrastructure.csproj", "{C94B9AD0-23E2-4948-AB42-7BC56EFDA332}"
EndProject
Global
	GlobalSection(SolutionConfigurationPlatforms) = preSolution
		Debug|Any CPU = Debug|Any CPU
		Release|Any CPU = Release|Any CPU
	EndGlobalSection
	GlobalSection(ProjectConfigurationPlatforms) = postSolution
		{AB551806-3EB2-4825-9D20-CDD11E7EB79C}.Debug|Any CPU.ActiveCfg = Debug|Any CPU
		{AB551806-3EB2-4825-9D20-CDD11E7EB79C}.Debug|Any CPU.Build.0 = Debug|Any CPU
		{AB551806-3EB2-4825-9D20-CDD11E7EB79C}.Release|Any CPU.ActiveCfg = Release|Any CPU
		{AB551806-3EB2-4825-9D20-CDD11E7EB79C}.Release|Any CPU.Build.0 = Release|Any CPU
		{5BF6A879-C5FC-4AA4-BCBE-441454CFCF10}.Debug|Any CPU.ActiveCfg = Debug|Any CPU
		{5BF6A879-C5FC-4AA4-BCBE-441454CFCF10}.Debug|Any CPU.Build.0 = Debug|Any CPU
		{5BF6A879-C5FC-4AA4-BCBE-441454CFCF10}.Release|Any CPU.ActiveCfg = Release|Any CPU
		{5BF6A879-C5FC-4AA4-BCBE-441454CFCF10}.Release|Any CPU.Build.0 = Release|Any CPU
		{6FFAD5FA-14BD-4C71-8FE4-ED1507D74CA0}.Debug|Any CPU.ActiveCfg = Debug|Any CPU
		{6FFAD5FA-14BD-4C71-8FE4-ED1507D74CA0}.Debug|Any CPU.Build.0 = Debug|Any CPU
		{6FFAD5FA-14BD-4C71-8FE4-ED1507D74CA0}.Release|Any CPU.ActiveCfg = Release|Any CPU
		{6FFAD5FA-14BD-4C71-8FE4-ED1507D74CA0}.Release|Any CPU.Build.0 = Release|Any CPU
		{48D20B80-71B2-40C1-8BD6-541D70F3B6A7}.Debug|Any CPU.ActiveCfg = Debug|Any CPU
		{48D20B80-71B2-40C1-8BD6-541D70F3B6A7}.Debug|Any CPU.Build.0 = Debug|Any CPU
		{48D20B80-71B2-40C1-8BD6-541D70F3B6A7}.Release|Any CPU.ActiveCfg = Release|Any CPU
		{48D20B80-71B2-40C1-8BD6-541D70F3B6A7}.Release|Any CPU.Build.0 = Release|Any CPU
		{C94B9AD0-23E2-4948-AB42-7BC56EFDA332}.Debug|Any CPU.ActiveCfg = Debug|Any CPU
		{C94B9AD0-23E2-4948-AB42-7BC56EFDA332}.Debug|Any CPU.Build.0 = Debug|Any CPU
		{C94B9AD0-23E2-4948-AB42-7BC56EFDA332}.Release|Any CPU.ActiveCfg = Release|Any CPU
		{C94B9AD0-23E2-4948-AB42-7BC56EFDA332}.Release|Any CPU.Build.0 = Release|Any CPU
	EndGlobalSection
	GlobalSection(SolutionProperties) = preSolution
		HideSolutionNode = FALSE
	EndGlobalSection
	GlobalSection(ExtensibilityGlobals) = postSolution
		SolutionGuid = {391A44C7-0745-4D9F-A068-4863C17E91A4}
	EndGlobalSection
EndGlobal
