
Microsoft Visual Studio Solution File, Format Version 12.00
# Visual Studio Version 17
VisualStudioVersion = 17.14.37710.0 d17.14
MinimumVisualStudioVersion = 10.0.40219.1
Project("{FAE04EC0-301F-11D3-BF4B-00C04F79EFBC}") = "TaskBoard.Api", "src\TaskBoard.Api\TaskBoard.Api.csproj", "{AB551806-3EB2-4825-9D20-CDD11E7EB79C}"
EndProject
Global
	GlobalSection(SolutionConfigurationPlatforms) = preSolution
		Debug|Any CPU = Debug|Any CPU
		Release|Any CPU = Release|Any CPU
	EndGlobalSection
	GlobalSection(ProjectConfigurationPlatforms) = postSolution
		{AB551806-3EB2-4825-9D20-CDD11E7EB79C}.Debug|Any CPU.ActiveCfg = Debug|Any CPU
		{AB551806-3EB2-4825-9D20-CDD11E7EB79C}.Debug|Any CPU.Build.0 = Debug|Any CPU
		{AB551806-3EB2-4825-9D20-CDD11E7EB79C}.Release|Any CPU.ActiveCfg = Release|Any CPU
		{AB551806-3EB2-4825-9D20-CDD11E7EB79C}.Release|Any CPU.Build.0 = Release|Any CPU
	EndGlobalSection
	GlobalSection(SolutionProperties) = preSolution
		HideSolutionNode = FALSE
	EndGlobalSection
	GlobalSection(ExtensibilityGlobals) = postSolution
		SolutionGuid = {391A44C7-0745-4D9F-A068-4863C17E91A4}
	EndGlobalSection
EndGlobal
